
Microsoft Visual Studio Solution File, Format Version 12.00
# Visual Studio Version 17
VisualStudioVersion = 17.3.32825.248
MinimumVisualStudioVersion = 10.0.40219.1
Project("{9A19103F-16F7-4668-BE54-9A1E7A4F7556}") = "FilesValidatorProblem", "FilesValidatorProblem.csproj", "{A3224595-8642-41F9-8ADB-99C4059FF120}"
EndProject
Project("{9A19103F-16F7-4668-BE54-9A1E7A4F7556}") = "Playground", "..\Playground\Playground.csproj", "{B8DAA944-6B79-484B-9FA4-90C7EA29B596}"
EndProject
Project("{2150E333-8FDC-42A3-9474-1A3956D46DE8}") = "Solution Items", "Solution Items", "{E8A2CF74-0D76-4830-B4EC-4BA592A9361D}"
	ProjectSection(SolutionItems) = preProject
		README.md = README.md
	EndProjectSection
EndProject
Global
	GlobalSection(SolutionConfigurationPlatforms) = preSolution
		Debug|Any CPU = Debug|Any CPU
		Release|Any CPU = Release|Any CPU
	EndGlobalSection
	GlobalSection(ProjectConfigurationPlatforms) = postSolution
		{A3224595-8642-41F9-8ADB-99C4059FF120}.Debug|Any CPU.ActiveCfg = Debug|Any CPU
		{A3224595-8642-41F9-8ADB-99C4059FF120}.Debug|Any CPU.Build.0 = Debug|Any CPU
		{A3224595-8642-41F9-8ADB-99C4059FF120}.Release|Any CPU.ActiveCfg = Release|Any CPU
		{A3224595-8642-41F9-8ADB-99C4059FF120}.Release|Any CPU.Build.0 = Release|Any CPU
		{B8DAA944-6B79-484B-9FA4-90C7EA29B596}.Debug|Any CPU.ActiveCfg = Debug|Any CPU
		{B8DAA944-6B79-484B-9FA4-90C7EA29B596}.Debug|Any CPU.Build.0 = Debug|Any CPU
		{B8DAA944-6B79-484B-9FA4-90C7EA29B596}.Release|Any CPU.ActiveCfg = Release|Any CPU
		{B8DAA944-6B79-484B-9FA4-90C7EA29B596}.Release|Any CPU.Build.0 = Release|Any CPU
	EndGlobalSection
	GlobalSection(SolutionProperties) = preSolution
		HideSolutionNode = FALSE
	EndGlobalSection
	GlobalSection(ExtensibilityGlobals) = postSolution
		SolutionGuid = {7055A9B1-AB2D-4B61-BC7F-58123F32CE24}
	EndGlobalSection
EndGlobal
