
Microsoft Visual Studio Solution File, Format Version 12.00
# Visual Studio Version 17
VisualStudioVersion = 17.3.32825.248
MinimumVisualStudioVersion = 10.0.40219.1
Project("{9A19103F-16F7-4668-BE54-9A1E7A4F7556}") = "FilesValidatorProblem", "src\FileValidatorProblem.Core\FilesValidatorProblem.csproj", "{36C7BF1F-2D91-4C7C-9846-E434E7D24B62}"
EndProject
Project("{9A19103F-16F7-4668-BE54-9A1E7A4F7556}") = "Playground", "src\Playground\Playground.csproj", "{7DBFC797-D339-4D57-91B4-E44D1CE52B3C}"
EndProject
Global
	GlobalSection(SolutionConfigurationPlatforms) = preSolution
		Debug|Any CPU = Debug|Any CPU
		Release|Any CPU = Release|Any CPU
	EndGlobalSection
	GlobalSection(ProjectConfigurationPlatforms) = postSolution
		{36C7BF1F-2D91-4C7C-9846-E434E7D24B62}.Debug|Any CPU.ActiveCfg = Debug|Any CPU
		{36C7BF1F-2D91-4C7C-9846-E434E7D24B62}.Debug|Any CPU.Build.0 = Debug|Any CPU
		{36C7BF1F-2D91-4C7C-9846-E434E7D24B62}.Release|Any CPU.ActiveCfg = Release|Any CPU
		{36C7BF1F-2D91-4C7C-9846-E434E7D24B62}.Release|Any CPU.Build.0 = Release|Any CPU
		{7DBFC797-D339-4D57-91B4-E44D1CE52B3C}.Debug|Any CPU.ActiveCfg = Debug|Any CPU
		{7DBFC797-D339-4D57-91B4-E44D1CE52B3C}.Debug|Any CPU.Build.0 = Debug|Any CPU
		{7DBFC797-D339-4D57-91B4-E44D1CE52B3C}.Release|Any CPU.ActiveCfg = Release|Any CPU
		{7DBFC797-D339-4D57-91B4-E44D1CE52B3C}.Release|Any CPU.Build.0 = Release|Any CPU
	EndGlobalSection
	GlobalSection(SolutionProperties) = preSolution
		HideSolutionNode = FALSE
	EndGlobalSection
	GlobalSection(ExtensibilityGlobals) = postSolution
		SolutionGuid = {7055A9B1-AB2D-4B61-BC7F-58123F32CE24}
	EndGlobalSection
EndGlobal
